
Microsoft Visual Studio Solution File, Format Version 12.00
# Visual Studio Version 17
VisualStudioVersion = 17.0.31903.59
MinimumVisualStudioVersion = 10.0.40219.1
Project("{2150E333-8FDC-42A3-9474-1A3956D46DE8}") = "src", "src", "{827E0CD3-B72D-47B6-A68D-7590B98EB39B}"
EndProject
Project("{FAE04EC0-301F-11D3-BF4B-00C04F79EFBC}") = "CreatorsForge.Foundry.Core", "src\CreatorsForge.Foundry.Core\CreatorsForge.Foundry.Core.csproj", "{7377BE93-39E1-480E-8910-3E089C50E5CE}"
EndProject
Project("{FAE04EC0-301F-11D3-BF4B-00C04F79EFBC}") = "CreatorsForge.Foundry.Build", "src\CreatorsForge.Foundry.Build\CreatorsForge.Foundry.Build.csproj", "{E47EAF24-222A-4B23-A6D5-6C71EB3207A9}"
EndProject
Project("{FAE04EC0-301F-11D3-BF4B-00C04F79EFBC}") = "CreatorsForge.Foundry.Editor", "src\CreatorsForge.Foundry.Editor\CreatorsForge.Foundry.Editor.csproj", "{E4FB1C64-DE48-4DB9-8F50-4C32CF3BD5D4}"
EndProject
Project("{FAE04EC0-301F-11D3-BF4B-00C04F79EFBC}") = "CreatorsForge.Foundry.Cli", "src\CreatorsForge.Foundry.Cli\CreatorsForge.Foundry.Cli.csproj", "{C1E59EAC-91ED-4B8F-88B6-C8B32C61C0A1}"
EndProject
Project("{FAE04EC0-301F-11D3-BF4B-00C04F79EFBC}") = "CreatorsForge.Foundry.Workspaces", "src\CreatorsForge.Foundry.Workspaces\CreatorsForge.Foundry.Workspaces.csproj", "{B1C8E931-AB15-4A86-AC2D-1F09FD08A2A1}"
EndProject
Project("{FAE04EC0-301F-11D3-BF4B-00C04F79EFBC}") = "CreatorsForge.Foundry.App", "src\CreatorsForge.Foundry.App\CreatorsForge.Foundry.App.csproj", "{C2D9FA42-BC26-4B97-BD3E-2A10AE19B3B2}"
EndProject
Project("{2150E333-8FDC-42A3-9474-1A3956D46DE8}") = "tests", "tests", "{0AB3BF05-4346-4AA6-1389-037BE0695223}"
EndProject
Project("{FAE04EC0-301F-11D3-BF4B-00C04F79EFBC}") = "CreatorsForge.Foundry.Core.Tests", "tests\CreatorsForge.Foundry.Core.Tests\CreatorsForge.Foundry.Core.Tests.csproj", "{43201176-0721-4966-BC54-EFD4A840B714}"
EndProject
Project("{FAE04EC0-301F-11D3-BF4B-00C04F79EFBC}") = "CreatorsForge.Foundry.Build.Tests", "tests\CreatorsForge.Foundry.Build.Tests\CreatorsForge.Foundry.Build.Tests.csproj", "{F5D70C7A-54DE-4557-8EB4-29BC8144CB70}"
EndProject
Project("{FAE04EC0-301F-11D3-BF4B-00C04F79EFBC}") = "CreatorsForge.Foundry.Editor.Tests", "tests\CreatorsForge.Foundry.Editor.Tests\CreatorsForge.Foundry.Editor.Tests.csproj", "{F50C2D75-EF59-4ECA-9A61-5D43D04CE6E5}"
EndProject
Project("{FAE04EC0-301F-11D3-BF4B-00C04F79EFBC}") = "CreatorsForge.Foundry.CphInlineBridge.CompileFixture", "tests\CreatorsForge.Foundry.CphInlineBridge.CompileFixture\CreatorsForge.Foundry.CphInlineBridge.CompileFixture.csproj", "{A8DB6D82-3B19-4F35-A15A-997A4CB6D2C7}"
EndProject
Project("{FAE04EC0-301F-11D3-BF4B-00C04F79EFBC}") = "CreatorsForge.Foundry.Cli.Tests", "tests\CreatorsForge.Foundry.Cli.Tests\CreatorsForge.Foundry.Cli.Tests.csproj", "{D7A6F43A-7C4F-471B-91A3-E2DBEF3D0412}"
EndProject
Project("{FAE04EC0-301F-11D3-BF4B-00C04F79EFBC}") = "CreatorsForge.Foundry.Workspaces.Tests", "tests\CreatorsForge.Foundry.Workspaces.Tests\CreatorsForge.Foundry.Workspaces.Tests.csproj", "{D3EA0B53-CD37-4CA8-CE4F-3B21BF2AC4C3}"
EndProject
Project("{2150E333-8FDC-42A3-9474-1A3956D46DE8}") = "tools", "tools", "{2B7C4F97-A17B-4EAC-BC83-7F65F26E08A7}"
EndProject
Project("{FAE04EC0-301F-11D3-BF4B-00C04F79EFBC}") = "CreatorsForge.Foundry.CphCatalog.Generator", "tools\CreatorsForge.Foundry.CphCatalog.Generator\CreatorsForge.Foundry.CphCatalog.Generator.csproj", "{A61D3E86-F06A-4FDB-AB72-6E54E15DF7F6}"
EndProject
Project("{2150E333-8FDC-42A3-9474-1A3956D46DE8}") = "experiments", "experiments", "{8E1D1CCC-9289-C849-48CA-D7E099D02B6F}"
EndProject
Project("{2150E333-8FDC-42A3-9474-1A3956D46DE8}") = "StreamerBotCompatibility", "StreamerBotCompatibility", "{919A53E5-851F-CC3F-3502-3F6293B0CB8B}"
EndProject
Project("{FAE04EC0-301F-11D3-BF4B-00C04F79EFBC}") = "CreatorsForge.Foundry.StreamerBot.DependencyProbe", "experiments\StreamerBotCompatibility\CreatorsForge.Foundry.StreamerBot.DependencyProbe\CreatorsForge.Foundry.StreamerBot.DependencyProbe.csproj", "{F38F40B8-B35A-41D1-B9CA-F316F8E1741C}"
EndProject
Project("{FAE04EC0-301F-11D3-BF4B-00C04F79EFBC}") = "CreatorsForge.Foundry.StreamerBot.CompatibilityProbe", "experiments\StreamerBotCompatibility\CreatorsForge.Foundry.StreamerBot.CompatibilityProbe\CreatorsForge.Foundry.StreamerBot.CompatibilityProbe.csproj", "{1631F500-BA9E-4212-BAEE-EB42DDE97EF9}"
EndProject
Project("{FAE04EC0-301F-11D3-BF4B-00C04F79EFBC}") = "CreatorsForge.Foundry.StreamerBot.CompatibilityProbe.Tests", "tests\CreatorsForge.Foundry.StreamerBot.CompatibilityProbe.Tests\CreatorsForge.Foundry.StreamerBot.CompatibilityProbe.Tests.csproj", "{F3997452-DE3E-4D0E-9848-9AD3B217BA47}"
EndProject
Project("{FAE04EC0-301F-11D3-BF4B-00C04F79EFBC}") = "CreatorsForge.Foundry.StreamerBot.ExportInspector", "experiments\StreamerBotCompatibility\CreatorsForge.Foundry.StreamerBot.ExportInspector\CreatorsForge.Foundry.StreamerBot.ExportInspector.csproj", "{A05A32CB-77AF-4E1C-AD3B-ED7C2632F62F}"
EndProject
Project("{FAE04EC0-301F-11D3-BF4B-00C04F79EFBC}") = "CreatorsForge.Foundry.StreamerBot.ExportInspector.Tests", "tests\CreatorsForge.Foundry.StreamerBot.ExportInspector.Tests\CreatorsForge.Foundry.StreamerBot.ExportInspector.Tests.csproj", "{F5CBE8E1-9D43-4AD7-B15B-00827E7A950B}"
EndProject
Project("{FAE04EC0-301F-11D3-BF4B-00C04F79EFBC}") = "CreatorsForge.Foundry.Testing", "src\CreatorsForge.Foundry.Testing\CreatorsForge.Foundry.Testing.csproj", "{1CC1ABA2-0989-4E63-A4E8-72C943E857AC}"
EndProject
Project("{FAE04EC0-301F-11D3-BF4B-00C04F79EFBC}") = "CreatorsForge.Foundry.Testing.Tests", "tests\CreatorsForge.Foundry.Testing.Tests\CreatorsForge.Foundry.Testing.Tests.csproj", "{F73DA946-DFAC-4BC2-B0AE-E1D3169007E8}"
EndProject
Project("{FAE04EC0-301F-11D3-BF4B-00C04F79EFBC}") = "CreatorsForge.Foundry.NativeTestHost", "src\CreatorsForge.Foundry.NativeTestHost\CreatorsForge.Foundry.NativeTestHost.csproj", "{6FB2E666-8D45-4D9E-A1ED-083C15E59238}"
EndProject
Global
	GlobalSection(SolutionConfigurationPlatforms) = preSolution
		Debug|Any CPU = Debug|Any CPU
		Debug|x64 = Debug|x64
		Debug|x86 = Debug|x86
		Release|Any CPU = Release|Any CPU
		Release|x64 = Release|x64
		Release|x86 = Release|x86
	EndGlobalSection
	GlobalSection(ProjectConfigurationPlatforms) = postSolution
		{7377BE93-39E1-480E-8910-3E089C50E5CE}.Debug|Any CPU.ActiveCfg = Debug|Any CPU
		{7377BE93-39E1-480E-8910-3E089C50E5CE}.Debug|Any CPU.Build.0 = Debug|Any CPU
		{7377BE93-39E1-480E-8910-3E089C50E5CE}.Debug|x64.ActiveCfg = Debug|Any CPU
		{7377BE93-39E1-480E-8910-3E089C50E5CE}.Debug|x64.Build.0 = Debug|Any CPU
		{7377BE93-39E1-480E-8910-3E089C50E5CE}.Debug|x86.ActiveCfg = Debug|Any CPU
		{7377BE93-39E1-480E-8910-3E089C50E5CE}.Debug|x86.Build.0 = Debug|Any CPU
		{7377BE93-39E1-480E-8910-3E089C50E5CE}.Release|Any CPU.ActiveCfg = Release|Any CPU
		{7377BE93-39E1-480E-8910-3E089C50E5CE}.Release|Any CPU.Build.0 = Release|Any CPU
		{7377BE93-39E1-480E-8910-3E089C50E5CE}.Release|x64.ActiveCfg = Release|Any CPU
		{7377BE93-39E1-480E-8910-3E089C50E5CE}.Release|x64.Build.0 = Release|Any CPU
		{7377BE93-39E1-480E-8910-3E089C50E5CE}.Release|x86.ActiveCfg = Release|Any CPU
		{7377BE93-39E1-480E-8910-3E089C50E5CE}.Release|x86.Build.0 = Release|Any CPU
		{E47EAF24-222A-4B23-A6D5-6C71EB3207A9}.Debug|Any CPU.ActiveCfg = Debug|Any CPU
		{E47EAF24-222A-4B23-A6D5-6C71EB3207A9}.Debug|Any CPU.Build.0 = Debug|Any CPU
		{E47EAF24-222A-4B23-A6D5-6C71EB3207A9}.Debug|x64.ActiveCfg = Debug|Any CPU
		{E47EAF24-222A-4B23-A6D5-6C71EB3207A9}.Debug|x64.Build.0 = Debug|Any CPU
		{E47EAF24-222A-4B23-A6D5-6C71EB3207A9}.Debug|x86.ActiveCfg = Debug|Any CPU
		{E47EAF24-222A-4B23-A6D5-6C71EB3207A9}.Debug|x86.Build.0 = Debug|Any CPU
		{E47EAF24-222A-4B23-A6D5-6C71EB3207A9}.Release|Any CPU.ActiveCfg = Release|Any CPU
		{E47EAF24-222A-4B23-A6D5-6C71EB3207A9}.Release|Any CPU.Build.0 = Release|Any CPU
		{E47EAF24-222A-4B23-A6D5-6C71EB3207A9}.Release|x64.ActiveCfg = Release|Any CPU
		{E47EAF24-222A-4B23-A6D5-6C71EB3207A9}.Release|x64.Build.0 = Release|Any CPU
		{E47EAF24-222A-4B23-A6D5-6C71EB3207A9}.Release|x86.ActiveCfg = Release|Any CPU
		{E47EAF24-222A-4B23-A6D5-6C71EB3207A9}.Release|x86.Build.0 = Release|Any CPU
		{E4FB1C64-DE48-4DB9-8F50-4C32CF3BD5D4}.Debug|Any CPU.ActiveCfg = Debug|Any CPU
		{E4FB1C64-DE48-4DB9-8F50-4C32CF3BD5D4}.Debug|Any CPU.Build.0 = Debug|Any CPU
		{E4FB1C64-DE48-4DB9-8F50-4C32CF3BD5D4}.Debug|x64.ActiveCfg = Debug|Any CPU
		{E4FB1C64-DE48-4DB9-8F50-4C32CF3BD5D4}.Debug|x64.Build.0 = Debug|Any CPU
		{E4FB1C64-DE48-4DB9-8F50-4C32CF3BD5D4}.Debug|x86.ActiveCfg = Debug|Any CPU
		{E4FB1C64-DE48-4DB9-8F50-4C32CF3BD5D4}.Debug|x86.Build.0 = Debug|Any CPU
		{E4FB1C64-DE48-4DB9-8F50-4C32CF3BD5D4}.Release|Any CPU.ActiveCfg = Release|Any CPU
		{E4FB1C64-DE48-4DB9-8F50-4C32CF3BD5D4}.Release|Any CPU.Build.0 = Release|Any CPU
		{E4FB1C64-DE48-4DB9-8F50-4C32CF3BD5D4}.Release|x64.ActiveCfg = Release|Any CPU
		{E4FB1C64-DE48-4DB9-8F50-4C32CF3BD5D4}.Release|x64.Build.0 = Release|Any CPU
		{E4FB1C64-DE48-4DB9-8F50-4C32CF3BD5D4}.Release|x86.ActiveCfg = Release|Any CPU
		{E4FB1C64-DE48-4DB9-8F50-4C32CF3BD5D4}.Release|x86.Build.0 = Release|Any CPU
		{C1E59EAC-91ED-4B8F-88B6-C8B32C61C0A1}.Debug|Any CPU.ActiveCfg = Debug|Any CPU
		{C1E59EAC-91ED-4B8F-88B6-C8B32C61C0A1}.Debug|Any CPU.Build.0 = Debug|Any CPU
		{C1E59EAC-91ED-4B8F-88B6-C8B32C61C0A1}.Debug|x64.ActiveCfg = Debug|Any CPU
		{C1E59EAC-91ED-4B8F-88B6-C8B32C61C0A1}.Debug|x64.Build.0 = Debug|Any CPU
		{C1E59EAC-91ED-4B8F-88B6-C8B32C61C0A1}.Debug|x86.ActiveCfg = Debug|Any CPU
		{C1E59EAC-91ED-4B8F-88B6-C8B32C61C0A1}.Debug|x86.Build.0 = Debug|Any CPU
		{C1E59EAC-91ED-4B8F-88B6-C8B32C61C0A1}.Release|Any CPU.ActiveCfg = Release|Any CPU
		{C1E59EAC-91ED-4B8F-88B6-C8B32C61C0A1}.Release|Any CPU.Build.0 = Release|Any CPU
		{C1E59EAC-91ED-4B8F-88B6-C8B32C61C0A1}.Release|x64.ActiveCfg = Release|Any CPU
		{C1E59EAC-91ED-4B8F-88B6-C8B32C61C0A1}.Release|x64.Build.0 = Release|Any CPU
		{C1E59EAC-91ED-4B8F-88B6-C8B32C61C0A1}.Release|x86.ActiveCfg = Release|Any CPU
		{C1E59EAC-91ED-4B8F-88B6-C8B32C61C0A1}.Release|x86.Build.0 = Release|Any CPU
		{B1C8E931-AB15-4A86-AC2D-1F09FD08A2A1}.Debug|Any CPU.ActiveCfg = Debug|Any CPU
		{B1C8E931-AB15-4A86-AC2D-1F09FD08A2A1}.Debug|Any CPU.Build.0 = Debug|Any CPU
		{B1C8E931-AB15-4A86-AC2D-1F09FD08A2A1}.Debug|x64.ActiveCfg = Debug|Any CPU
		{B1C8E931-AB15-4A86-AC2D-1F09FD08A2A1}.Debug|x64.Build.0 = Debug|Any CPU
		{B1C8E931-AB15-4A86-AC2D-1F09FD08A2A1}.Debug|x86.ActiveCfg = Debug|Any CPU
		{B1C8E931-AB15-4A86-AC2D-1F09FD08A2A1}.Debug|x86.Build.0 = Debug|Any CPU
		{B1C8E931-AB15-4A86-AC2D-1F09FD08A2A1}.Release|Any CPU.ActiveCfg = Release|Any CPU
		{B1C8E931-AB15-4A86-AC2D-1F09FD08A2A1}.Release|Any CPU.Build.0 = Release|Any CPU
		{B1C8E931-AB15-4A86-AC2D-1F09FD08A2A1}.Release|x64.ActiveCfg = Release|Any CPU
		{B1C8E931-AB15-4A86-AC2D-1F09FD08A2A1}.Release|x64.Build.0 = Release|Any CPU
		{B1C8E931-AB15-4A86-AC2D-1F09FD08A2A1}.Release|x86.ActiveCfg = Release|Any CPU
		{B1C8E931-AB15-4A86-AC2D-1F09FD08A2A1}.Release|x86.Build.0 = Release|Any CPU
		{C2D9FA42-BC26-4B97-BD3E-2A10AE19B3B2}.Debug|Any CPU.ActiveCfg = Debug|Any CPU
		{C2D9FA42-BC26-4B97-BD3E-2A10AE19B3B2}.Debug|Any CPU.Build.0 = Debug|Any CPU
		{C2D9FA42-BC26-4B97-BD3E-2A10AE19B3B2}.Debug|x64.ActiveCfg = Debug|Any CPU
		{C2D9FA42-BC26-4B97-BD3E-2A10AE19B3B2}.Debug|x64.Build.0 = Debug|Any CPU
		{C2D9FA42-BC26-4B97-BD3E-2A10AE19B3B2}.Debug|x86.ActiveCfg = Debug|Any CPU
		{C2D9FA42-BC26-4B97-BD3E-2A10AE19B3B2}.Debug|x86.Build.0 = Debug|Any CPU
		{C2D9FA42-BC26-4B97-BD3E-2A10AE19B3B2}.Release|Any CPU.ActiveCfg = Release|Any CPU
		{C2D9FA42-BC26-4B97-BD3E-2A10AE19B3B2}.Release|Any CPU.Build.0 = Release|Any CPU
		{C2D9FA42-BC26-4B97-BD3E-2A10AE19B3B2}.Release|x64.ActiveCfg = Release|Any CPU
		{C2D9FA42-BC26-4B97-BD3E-2A10AE19B3B2}.Release|x64.Build.0 = Release|Any CPU
		{C2D9FA42-BC26-4B97-BD3E-2A10AE19B3B2}.Release|x86.ActiveCfg = Release|Any CPU
		{C2D9FA42-BC26-4B97-BD3E-2A10AE19B3B2}.Release|x86.Build.0 = Release|Any CPU
		{43201176-0721-4966-BC54-EFD4A840B714}.Debug|Any CPU.ActiveCfg = Debug|Any CPU
		{43201176-0721-4966-BC54-EFD4A840B714}.Debug|Any CPU.Build.0 = Debug|Any CPU
		{43201176-0721-4966-BC54-EFD4A840B714}.Debug|x64.ActiveCfg = Debug|Any CPU
		{43201176-0721-4966-BC54-EFD4A840B714}.Debug|x64.Build.0 = Debug|Any CPU
		{43201176-0721-4966-BC54-EFD4A840B714}.Debug|x86.ActiveCfg = Debug|Any CPU
		{43201176-0721-4966-BC54-EFD4A840B714}.Debug|x86.Build.0 = Debug|Any CPU
		{43201176-0721-4966-BC54-EFD4A840B714}.Release|Any CPU.ActiveCfg = Release|Any CPU
		{43201176-0721-4966-BC54-EFD4A840B714}.Release|Any CPU.Build.0 = Release|Any CPU
		{43201176-0721-4966-BC54-EFD4A840B714}.Release|x64.ActiveCfg = Release|Any CPU
		{43201176-0721-4966-BC54-EFD4A840B714}.Release|x64.Build.0 = Release|Any CPU
		{43201176-0721-4966-BC54-EFD4A840B714}.Release|x86.ActiveCfg = Release|Any CPU
		{43201176-0721-4966-BC54-EFD4A840B714}.Release|x86.Build.0 = Release|Any CPU
		{F5D70C7A-54DE-4557-8EB4-29BC8144CB70}.Debug|Any CPU.ActiveCfg = Debug|Any CPU
		{F5D70C7A-54DE-4557-8EB4-29BC8144CB70}.Debug|Any CPU.Build.0 = Debug|Any CPU
		{F5D70C7A-54DE-4557-8EB4-29BC8144CB70}.Debug|x64.ActiveCfg = Debug|Any CPU
		{F5D70C7A-54DE-4557-8EB4-29BC8144CB70}.Debug|x64.Build.0 = Debug|Any CPU
		{F5D70C7A-54DE-4557-8EB4-29BC8144CB70}.Debug|x86.ActiveCfg = Debug|Any CPU
		{F5D70C7A-54DE-4557-8EB4-29BC8144CB70}.Debug|x86.Build.0 = Debug|Any CPU
		{F5D70C7A-54DE-4557-8EB4-29BC8144CB70}.Release|Any CPU.ActiveCfg = Release|Any CPU
		{F5D70C7A-54DE-4557-8EB4-29BC8144CB70}.Release|Any CPU.Build.0 = Release|Any CPU
		{F5D70C7A-54DE-4557-8EB4-29BC8144CB70}.Release|x64.ActiveCfg = Release|Any CPU
		{F5D70C7A-54DE-4557-8EB4-29BC8144CB70}.Release|x64.Build.0 = Release|Any CPU
		{F5D70C7A-54DE-4557-8EB4-29BC8144CB70}.Release|x86.ActiveCfg = Release|Any CPU
		{F5D70C7A-54DE-4557-8EB4-29BC8144CB70}.Release|x86.Build.0 = Release|Any CPU
		{F50C2D75-EF59-4ECA-9A61-5D43D04CE6E5}.Debug|Any CPU.ActiveCfg = Debug|Any CPU
		{F50C2D75-EF59-4ECA-9A61-5D43D04CE6E5}.Debug|Any CPU.Build.0 = Debug|Any CPU
		{F50C2D75-EF59-4ECA-9A61-5D43D04CE6E5}.Debug|x64.ActiveCfg = Debug|Any CPU
		{F50C2D75-EF59-4ECA-9A61-5D43D04CE6E5}.Debug|x64.Build.0 = Debug|Any CPU
		{F50C2D75-EF59-4ECA-9A61-5D43D04CE6E5}.Debug|x86.ActiveCfg = Debug|Any CPU
		{F50C2D75-EF59-4ECA-9A61-5D43D04CE6E5}.Debug|x86.Build.0 = Debug|Any CPU
		{F50C2D75-EF59-4ECA-9A61-5D43D04CE6E5}.Release|Any CPU.ActiveCfg = Release|Any CPU
		{F50C2D75-EF59-4ECA-9A61-5D43D04CE6E5}.Release|Any CPU.Build.0 = Release|Any CPU
		{F50C2D75-EF59-4ECA-9A61-5D43D04CE6E5}.Release|x64.ActiveCfg = Release|Any CPU
		{F50C2D75-EF59-4ECA-9A61-5D43D04CE6E5}.Release|x64.Build.0 = Release|Any CPU
		{F50C2D75-EF59-4ECA-9A61-5D43D04CE6E5}.Release|x86.ActiveCfg = Release|Any CPU
		{F50C2D75-EF59-4ECA-9A61-5D43D04CE6E5}.Release|x86.Build.0 = Release|Any CPU
		{A8DB6D82-3B19-4F35-A15A-997A4CB6D2C7}.Debug|Any CPU.ActiveCfg = Debug|Any CPU
		{A8DB6D82-3B19-4F35-A15A-997A4CB6D2C7}.Debug|Any CPU.Build.0 = Debug|Any CPU
		{A8DB6D82-3B19-4F35-A15A-997A4CB6D2C7}.Debug|x64.ActiveCfg = Debug|Any CPU
		{A8DB6D82-3B19-4F35-A15A-997A4CB6D2C7}.Debug|x64.Build.0 = Debug|Any CPU
		{A8DB6D82-3B19-4F35-A15A-997A4CB6D2C7}.Debug|x86.ActiveCfg = Debug|Any CPU
		{A8DB6D82-3B19-4F35-A15A-997A4CB6D2C7}.Debug|x86.Build.0 = Debug|Any CPU
		{A8DB6D82-3B19-4F35-A15A-997A4CB6D2C7}.Release|Any CPU.ActiveCfg = Release|Any CPU
		{A8DB6D82-3B19-4F35-A15A-997A4CB6D2C7}.Release|Any CPU.Build.0 = Release|Any CPU
		{A8DB6D82-3B19-4F35-A15A-997A4CB6D2C7}.Release|x64.ActiveCfg = Release|Any CPU
		{A8DB6D82-3B19-4F35-A15A-997A4CB6D2C7}.Release|x64.Build.0 = Release|Any CPU
		{A8DB6D82-3B19-4F35-A15A-997A4CB6D2C7}.Release|x86.ActiveCfg = Release|Any CPU
		{A8DB6D82-3B19-4F35-A15A-997A4CB6D2C7}.Release|x86.Build.0 = Release|Any CPU
		{D7A6F43A-7C4F-471B-91A3-E2DBEF3D0412}.Debug|Any CPU.ActiveCfg = Debug|Any CPU
		{D7A6F43A-7C4F-471B-91A3-E2DBEF3D0412}.Debug|Any CPU.Build.0 = Debug|Any CPU
		{D7A6F43A-7C4F-471B-91A3-E2DBEF3D0412}.Debug|x64.ActiveCfg = Debug|Any CPU
		{D7A6F43A-7C4F-471B-91A3-E2DBEF3D0412}.Debug|x64.Build.0 = Debug|Any CPU
		{D7A6F43A-7C4F-471B-91A3-E2DBEF3D0412}.Debug|x86.ActiveCfg = Debug|Any CPU
		{D7A6F43A-7C4F-471B-91A3-E2DBEF3D0412}.Debug|x86.Build.0 = Debug|Any CPU
		{D7A6F43A-7C4F-471B-91A3-E2DBEF3D0412}.Release|Any CPU.ActiveCfg = Release|Any CPU
		{D7A6F43A-7C4F-471B-91A3-E2DBEF3D0412}.Release|Any CPU.Build.0 = Release|Any CPU
		{D7A6F43A-7C4F-471B-91A3-E2DBEF3D0412}.Release|x64.ActiveCfg = Release|Any CPU
		{D7A6F43A-7C4F-471B-91A3-E2DBEF3D0412}.Release|x64.Build.0 = Release|Any CPU
		{D7A6F43A-7C4F-471B-91A3-E2DBEF3D0412}.Release|x86.ActiveCfg = Release|Any CPU
		{D7A6F43A-7C4F-471B-91A3-E2DBEF3D0412}.Release|x86.Build.0 = Release|Any CPU
		{D3EA0B53-CD37-4CA8-CE4F-3B21BF2AC4C3}.Debug|Any CPU.ActiveCfg = Debug|Any CPU
		{D3EA0B53-CD37-4CA8-CE4F-3B21BF2AC4C3}.Debug|Any CPU.Build.0 = Debug|Any CPU
		{D3EA0B53-CD37-4CA8-CE4F-3B21BF2AC4C3}.Debug|x64.ActiveCfg = Debug|Any CPU
		{D3EA0B53-CD37-4CA8-CE4F-3B21BF2AC4C3}.Debug|x64.Build.0 = Debug|Any CPU
		{D3EA0B53-CD37-4CA8-CE4F-3B21BF2AC4C3}.Debug|x86.ActiveCfg = Debug|Any CPU
		{D3EA0B53-CD37-4CA8-CE4F-3B21BF2AC4C3}.Debug|x86.Build.0 = Debug|Any CPU
		{D3EA0B53-CD37-4CA8-CE4F-3B21BF2AC4C3}.Release|Any CPU.ActiveCfg = Release|Any CPU
		{D3EA0B53-CD37-4CA8-CE4F-3B21BF2AC4C3}.Release|Any CPU.Build.0 = Release|Any CPU
		{D3EA0B53-CD37-4CA8-CE4F-3B21BF2AC4C3}.Release|x64.ActiveCfg = Release|Any CPU
		{D3EA0B53-CD37-4CA8-CE4F-3B21BF2AC4C3}.Release|x64.Build.0 = Release|Any CPU
		{D3EA0B53-CD37-4CA8-CE4F-3B21BF2AC4C3}.Release|x86.ActiveCfg = Release|Any CPU
		{D3EA0B53-CD37-4CA8-CE4F-3B21BF2AC4C3}.Release|x86.Build.0 = Release|Any CPU
		{A61D3E86-F06A-4FDB-AB72-6E54E15DF7F6}.Debug|Any CPU.ActiveCfg = Debug|Any CPU
		{A61D3E86-F06A-4FDB-AB72-6E54E15DF7F6}.Debug|Any CPU.Build.0 = Debug|Any CPU
		{A61D3E86-F06A-4FDB-AB72-6E54E15DF7F6}.Debug|x64.ActiveCfg = Debug|Any CPU
		{A61D3E86-F06A-4FDB-AB72-6E54E15DF7F6}.Debug|x64.Build.0 = Debug|Any CPU
		{A61D3E86-F06A-4FDB-AB72-6E54E15DF7F6}.Debug|x86.ActiveCfg = Debug|Any CPU
		{A61D3E86-F06A-4FDB-AB72-6E54E15DF7F6}.Debug|x86.Build.0 = Debug|Any CPU
		{A61D3E86-F06A-4FDB-AB72-6E54E15DF7F6}.Release|Any CPU.ActiveCfg = Release|Any CPU
		{A61D3E86-F06A-4FDB-AB72-6E54E15DF7F6}.Release|Any CPU.Build.0 = Release|Any CPU
		{A61D3E86-F06A-4FDB-AB72-6E54E15DF7F6}.Release|x64.ActiveCfg = Release|Any CPU
		{A61D3E86-F06A-4FDB-AB72-6E54E15DF7F6}.Release|x64.Build.0 = Release|Any CPU
		{A61D3E86-F06A-4FDB-AB72-6E54E15DF7F6}.Release|x86.ActiveCfg = Release|Any CPU
		{A61D3E86-F06A-4FDB-AB72-6E54E15DF7F6}.Release|x86.Build.0 = Release|Any CPU
		{F38F40B8-B35A-41D1-B9CA-F316F8E1741C}.Debug|Any CPU.ActiveCfg = Debug|Any CPU
		{F38F40B8-B35A-41D1-B9CA-F316F8E1741C}.Debug|Any CPU.Build.0 = Debug|Any CPU
		{F38F40B8-B35A-41D1-B9CA-F316F8E1741C}.Debug|x64.ActiveCfg = Debug|Any CPU
		{F38F40B8-B35A-41D1-B9CA-F316F8E1741C}.Debug|x64.Build.0 = Debug|Any CPU
		{F38F40B8-B35A-41D1-B9CA-F316F8E1741C}.Debug|x86.ActiveCfg = Debug|Any CPU
		{F38F40B8-B35A-41D1-B9CA-F316F8E1741C}.Debug|x86.Build.0 = Debug|Any CPU
		{F38F40B8-B35A-41D1-B9CA-F316F8E1741C}.Release|Any CPU.ActiveCfg = Release|Any CPU
		{F38F40B8-B35A-41D1-B9CA-F316F8E1741C}.Release|Any CPU.Build.0 = Release|Any CPU
		{F38F40B8-B35A-41D1-B9CA-F316F8E1741C}.Release|x64.ActiveCfg = Release|Any CPU
		{F38F40B8-B35A-41D1-B9CA-F316F8E1741C}.Release|x64.Build.0 = Release|Any CPU
		{F38F40B8-B35A-41D1-B9CA-F316F8E1741C}.Release|x86.ActiveCfg = Release|Any CPU
		{F38F40B8-B35A-41D1-B9CA-F316F8E1741C}.Release|x86.Build.0 = Release|Any CPU
		{1631F500-BA9E-4212-BAEE-EB42DDE97EF9}.Debug|Any CPU.ActiveCfg = Debug|Any CPU
		{1631F500-BA9E-4212-BAEE-EB42DDE97EF9}.Debug|Any CPU.Build.0 = Debug|Any CPU
		{1631F500-BA9E-4212-BAEE-EB42DDE97EF9}.Debug|x64.ActiveCfg = Debug|Any CPU
		{1631F500-BA9E-4212-BAEE-EB42DDE97EF9}.Debug|x64.Build.0 = Debug|Any CPU
		{1631F500-BA9E-4212-BAEE-EB42DDE97EF9}.Debug|x86.ActiveCfg = Debug|Any CPU
		{1631F500-BA9E-4212-BAEE-EB42DDE97EF9}.Debug|x86.Build.0 = Debug|Any CPU
		{1631F500-BA9E-4212-BAEE-EB42DDE97EF9}.Release|Any CPU.ActiveCfg = Release|Any CPU
		{1631F500-BA9E-4212-BAEE-EB42DDE97EF9}.Release|Any CPU.Build.0 = Release|Any CPU
		{1631F500-BA9E-4212-BAEE-EB42DDE97EF9}.Release|x64.ActiveCfg = Release|Any CPU
		{1631F500-BA9E-4212-BAEE-EB42DDE97EF9}.Release|x64.Build.0 = Release|Any CPU
		{1631F500-BA9E-4212-BAEE-EB42DDE97EF9}.Release|x86.ActiveCfg = Release|Any CPU
		{1631F500-BA9E-4212-BAEE-EB42DDE97EF9}.Release|x86.Build.0 = Release|Any CPU
		{F3997452-DE3E-4D0E-9848-9AD3B217BA47}.Debug|Any CPU.ActiveCfg = Debug|Any CPU
		{F3997452-DE3E-4D0E-9848-9AD3B217BA47}.Debug|Any CPU.Build.0 = Debug|Any CPU
		{F3997452-DE3E-4D0E-9848-9AD3B217BA47}.Debug|x64.ActiveCfg = Debug|Any CPU
		{F3997452-DE3E-4D0E-9848-9AD3B217BA47}.Debug|x64.Build.0 = Debug|Any CPU
		{F3997452-DE3E-4D0E-9848-9AD3B217BA47}.Debug|x86.ActiveCfg = Debug|Any CPU
		{F3997452-DE3E-4D0E-9848-9AD3B217BA47}.Debug|x86.Build.0 = Debug|Any CPU
		{F3997452-DE3E-4D0E-9848-9AD3B217BA47}.Release|Any CPU.ActiveCfg = Release|Any CPU
		{F3997452-DE3E-4D0E-9848-9AD3B217BA47}.Release|Any CPU.Build.0 = Release|Any CPU
		{F3997452-DE3E-4D0E-9848-9AD3B217BA47}.Release|x64.ActiveCfg = Release|Any CPU
		{F3997452-DE3E-4D0E-9848-9AD3B217BA47}.Release|x64.Build.0 = Release|Any CPU
		{F3997452-DE3E-4D0E-9848-9AD3B217BA47}.Release|x86.ActiveCfg = Release|Any CPU
		{F3997452-DE3E-4D0E-9848-9AD3B217BA47}.Release|x86.Build.0 = Release|Any CPU
		{A05A32CB-77AF-4E1C-AD3B-ED7C2632F62F}.Debug|Any CPU.ActiveCfg = Debug|Any CPU
		{A05A32CB-77AF-4E1C-AD3B-ED7C2632F62F}.Debug|Any CPU.Build.0 = Debug|Any CPU
		{A05A32CB-77AF-4E1C-AD3B-ED7C2632F62F}.Debug|x64.ActiveCfg = Debug|Any CPU
		{A05A32CB-77AF-4E1C-AD3B-ED7C2632F62F}.Debug|x64.Build.0 = Debug|Any CPU
		{A05A32CB-77AF-4E1C-AD3B-ED7C2632F62F}.Debug|x86.ActiveCfg = Debug|Any CPU
		{A05A32CB-77AF-4E1C-AD3B-ED7C2632F62F}.Debug|x86.Build.0 = Debug|Any CPU
		{A05A32CB-77AF-4E1C-AD3B-ED7C2632F62F}.Release|Any CPU.ActiveCfg = Release|Any CPU
		{A05A32CB-77AF-4E1C-AD3B-ED7C2632F62F}.Release|Any CPU.Build.0 = Release|Any CPU
		{A05A32CB-77AF-4E1C-AD3B-ED7C2632F62F}.Release|x64.ActiveCfg = Release|Any CPU
		{A05A32CB-77AF-4E1C-AD3B-ED7C2632F62F}.Release|x64.Build.0 = Release|Any CPU
		{A05A32CB-77AF-4E1C-AD3B-ED7C2632F62F}.Release|x86.ActiveCfg = Release|Any CPU
		{A05A32CB-77AF-4E1C-AD3B-ED7C2632F62F}.Release|x86.Build.0 = Release|Any CPU
		{F5CBE8E1-9D43-4AD7-B15B-00827E7A950B}.Debug|Any CPU.ActiveCfg = Debug|Any CPU
		{F5CBE8E1-9D43-4AD7-B15B-00827E7A950B}.Debug|Any CPU.Build.0 = Debug|Any CPU
		{F5CBE8E1-9D43-4AD7-B15B-00827E7A950B}.Debug|x64.ActiveCfg = Debug|Any CPU
		{F5CBE8E1-9D43-4AD7-B15B-00827E7A950B}.Debug|x64.Build.0 = Debug|Any CPU
		{F5CBE8E1-9D43-4AD7-B15B-00827E7A950B}.Debug|x86.ActiveCfg = Debug|Any CPU
		{F5CBE8E1-9D43-4AD7-B15B-00827E7A950B}.Debug|x86.Build.0 = Debug|Any CPU
		{F5CBE8E1-9D43-4AD7-B15B-00827E7A950B}.Release|Any CPU.ActiveCfg = Release|Any CPU
		{F5CBE8E1-9D43-4AD7-B15B-00827E7A950B}.Release|Any CPU.Build.0 = Release|Any CPU
		{F5CBE8E1-9D43-4AD7-B15B-00827E7A950B}.Release|x64.ActiveCfg = Release|Any CPU
		{F5CBE8E1-9D43-4AD7-B15B-00827E7A950B}.Release|x64.Build.0 = Release|Any CPU
		{F5CBE8E1-9D43-4AD7-B15B-00827E7A950B}.Release|x86.ActiveCfg = Release|Any CPU
		{F5CBE8E1-9D43-4AD7-B15B-00827E7A950B}.Release|x86.Build.0 = Release|Any CPU
		{1CC1ABA2-0989-4E63-A4E8-72C943E857AC}.Debug|Any CPU.ActiveCfg = Debug|Any CPU
		{1CC1ABA2-0989-4E63-A4E8-72C943E857AC}.Debug|Any CPU.Build.0 = Debug|Any CPU
		{1CC1ABA2-0989-4E63-A4E8-72C943E857AC}.Debug|x64.ActiveCfg = Debug|Any CPU
		{1CC1ABA2-0989-4E63-A4E8-72C943E857AC}.Debug|x64.Build.0 = Debug|Any CPU
		{1CC1ABA2-0989-4E63-A4E8-72C943E857AC}.Debug|x86.ActiveCfg = Debug|Any CPU
		{1CC1ABA2-0989-4E63-A4E8-72C943E857AC}.Debug|x86.Build.0 = Debug|Any CPU
		{1CC1ABA2-0989-4E63-A4E8-72C943E857AC}.Release|Any CPU.ActiveCfg = Release|Any CPU
		{1CC1ABA2-0989-4E63-A4E8-72C943E857AC}.Release|Any CPU.Build.0 = Release|Any CPU
		{1CC1ABA2-0989-4E63-A4E8-72C943E857AC}.Release|x64.ActiveCfg = Release|Any CPU
		{1CC1ABA2-0989-4E63-A4E8-72C943E857AC}.Release|x64.Build.0 = Release|Any CPU
		{1CC1ABA2-0989-4E63-A4E8-72C943E857AC}.Release|x86.ActiveCfg = Release|Any CPU
		{1CC1ABA2-0989-4E63-A4E8-72C943E857AC}.Release|x86.Build.0 = Release|Any CPU
		{F73DA946-DFAC-4BC2-B0AE-E1D3169007E8}.Debug|Any CPU.ActiveCfg = Debug|Any CPU
		{F73DA946-DFAC-4BC2-B0AE-E1D3169007E8}.Debug|Any CPU.Build.0 = Debug|Any CPU
		{F73DA946-DFAC-4BC2-B0AE-E1D3169007E8}.Debug|x64.ActiveCfg = Debug|Any CPU
		{F73DA946-DFAC-4BC2-B0AE-E1D3169007E8}.Debug|x64.Build.0 = Debug|Any CPU
		{F73DA946-DFAC-4BC2-B0AE-E1D3169007E8}.Debug|x86.ActiveCfg = Debug|Any CPU
		{F73DA946-DFAC-4BC2-B0AE-E1D3169007E8}.Debug|x86.Build.0 = Debug|Any CPU
		{F73DA946-DFAC-4BC2-B0AE-E1D3169007E8}.Release|Any CPU.ActiveCfg = Release|Any CPU
		{F73DA946-DFAC-4BC2-B0AE-E1D3169007E8}.Release|Any CPU.Build.0 = Release|Any CPU
		{F73DA946-DFAC-4BC2-B0AE-E1D3169007E8}.Release|x64.ActiveCfg = Release|Any CPU
		{F73DA946-DFAC-4BC2-B0AE-E1D3169007E8}.Release|x64.Build.0 = Release|Any CPU
		{F73DA946-DFAC-4BC2-B0AE-E1D3169007E8}.Release|x86.ActiveCfg = Release|Any CPU
		{F73DA946-DFAC-4BC2-B0AE-E1D3169007E8}.Release|x86.Build.0 = Release|Any CPU
		{6FB2E666-8D45-4D9E-A1ED-083C15E59238}.Debug|Any CPU.ActiveCfg = Debug|Any CPU
		{6FB2E666-8D45-4D9E-A1ED-083C15E59238}.Debug|Any CPU.Build.0 = Debug|Any CPU
		{6FB2E666-8D45-4D9E-A1ED-083C15E59238}.Debug|x64.ActiveCfg = Debug|Any CPU
		{6FB2E666-8D45-4D9E-A1ED-083C15E59238}.Debug|x64.Build.0 = Debug|Any CPU
		{6FB2E666-8D45-4D9E-A1ED-083C15E59238}.Debug|x86.ActiveCfg = Debug|Any CPU
		{6FB2E666-8D45-4D9E-A1ED-083C15E59238}.Debug|x86.Build.0 = Debug|Any CPU
		{6FB2E666-8D45-4D9E-A1ED-083C15E59238}.Release|Any CPU.ActiveCfg = Release|Any CPU
		{6FB2E666-8D45-4D9E-A1ED-083C15E59238}.Release|Any CPU.Build.0 = Release|Any CPU
		{6FB2E666-8D45-4D9E-A1ED-083C15E59238}.Release|x64.ActiveCfg = Release|Any CPU
		{6FB2E666-8D45-4D9E-A1ED-083C15E59238}.Release|x64.Build.0 = Release|Any CPU
		{6FB2E666-8D45-4D9E-A1ED-083C15E59238}.Release|x86.ActiveCfg = Release|Any CPU
		{6FB2E666-8D45-4D9E-A1ED-083C15E59238}.Release|x86.Build.0 = Release|Any CPU
	EndGlobalSection
	GlobalSection(SolutionProperties) = preSolution
		HideSolutionNode = FALSE
	EndGlobalSection
	GlobalSection(NestedProjects) = preSolution
		{7377BE93-39E1-480E-8910-3E089C50E5CE} = {827E0CD3-B72D-47B6-A68D-7590B98EB39B}
		{E47EAF24-222A-4B23-A6D5-6C71EB3207A9} = {827E0CD3-B72D-47B6-A68D-7590B98EB39B}
		{E4FB1C64-DE48-4DB9-8F50-4C32CF3BD5D4} = {827E0CD3-B72D-47B6-A68D-7590B98EB39B}
		{C1E59EAC-91ED-4B8F-88B6-C8B32C61C0A1} = {827E0CD3-B72D-47B6-A68D-7590B98EB39B}
		{B1C8E931-AB15-4A86-AC2D-1F09FD08A2A1} = {827E0CD3-B72D-47B6-A68D-7590B98EB39B}
		{C2D9FA42-BC26-4B97-BD3E-2A10AE19B3B2} = {827E0CD3-B72D-47B6-A68D-7590B98EB39B}
		{43201176-0721-4966-BC54-EFD4A840B714} = {0AB3BF05-4346-4AA6-1389-037BE0695223}
		{F5D70C7A-54DE-4557-8EB4-29BC8144CB70} = {0AB3BF05-4346-4AA6-1389-037BE0695223}
		{F50C2D75-EF59-4ECA-9A61-5D43D04CE6E5} = {0AB3BF05-4346-4AA6-1389-037BE0695223}
		{A8DB6D82-3B19-4F35-A15A-997A4CB6D2C7} = {0AB3BF05-4346-4AA6-1389-037BE0695223}
		{D7A6F43A-7C4F-471B-91A3-E2DBEF3D0412} = {0AB3BF05-4346-4AA6-1389-037BE0695223}
		{D3EA0B53-CD37-4CA8-CE4F-3B21BF2AC4C3} = {0AB3BF05-4346-4AA6-1389-037BE0695223}
		{A61D3E86-F06A-4FDB-AB72-6E54E15DF7F6} = {2B7C4F97-A17B-4EAC-BC83-7F65F26E08A7}
		{919A53E5-851F-CC3F-3502-3F6293B0CB8B} = {8E1D1CCC-9289-C849-48CA-D7E099D02B6F}
		{F38F40B8-B35A-41D1-B9CA-F316F8E1741C} = {919A53E5-851F-CC3F-3502-3F6293B0CB8B}
		{1631F500-BA9E-4212-BAEE-EB42DDE97EF9} = {919A53E5-851F-CC3F-3502-3F6293B0CB8B}
		{F3997452-DE3E-4D0E-9848-9AD3B217BA47} = {0AB3BF05-4346-4AA6-1389-037BE0695223}
		{A05A32CB-77AF-4E1C-AD3B-ED7C2632F62F} = {919A53E5-851F-CC3F-3502-3F6293B0CB8B}
		{F5CBE8E1-9D43-4AD7-B15B-00827E7A950B} = {0AB3BF05-4346-4AA6-1389-037BE0695223}
		{1CC1ABA2-0989-4E63-A4E8-72C943E857AC} = {827E0CD3-B72D-47B6-A68D-7590B98EB39B}
		{F73DA946-DFAC-4BC2-B0AE-E1D3169007E8} = {0AB3BF05-4346-4AA6-1389-037BE0695223}
		{6FB2E666-8D45-4D9E-A1ED-083C15E59238} = {827E0CD3-B72D-47B6-A68D-7590B98EB39B}
	EndGlobalSection
EndGlobal
